
Microsoft Visual Studio Solution File, Format Version 12.00
# Visual Studio Version 16
VisualStudioVersion = 16.0.30413.136
MinimumVisualStudioVersion = 10.0.40219.1
Project("{9A19103F-16F7-4668-BE54-9A1E7A4F7556}") = "Boilerplate.API", "Boilerplate\Boilerplate.API.csproj", "{38BA6281-438E-43B0-AFAC-21B549FFEFDA}"
EndProject
Project("{9A19103F-16F7-4668-BE54-9A1E7A4F7556}") = "Boilerplate.Model", "Boilerplate.Model\Boilerplate.Model.csproj", "{D499DCC8-78C8-4EFE-B4A7-2315966386BF}"
EndProject
Project("{9A19103F-16F7-4668-BE54-9A1E7A4F7556}") = "Boilerplater.DataAccess", "Boilerplater.DataAccess\Boilerplater.DataAccess.csproj", "{3F5FDF9E-F414-41C4-BF72-BFF0F4FE0A5E}"
EndProject
Project("{9A19103F-16F7-4668-BE54-9A1E7A4F7556}") = "Boilerplate.Test", "Boilerplate.Test\Boilerplate.Test.csproj", "{68EEE0B5-51AB-4869-95BA-59F35DFD7518}"
EndProject
Project("{9A19103F-16F7-4668-BE54-9A1E7A4F7556}") = "Boilerplate.Service", "Boilerplate.Service\Boilerplate.Service.csproj", "{D186E804-3C1D-4A93-9DEA-D1670287F374}"
EndProject
Project("{9092AA53-FB77-4645-B42D-1CCCA6BD08BD}") = "Boilerplate.Client", "Boilerplate.Client\Boilerplate.Client.njsproj", "{8CDA86AA-51D1-417F-AACC-132B461AE602}"
EndProject
Global
	GlobalSection(SolutionConfigurationPlatforms) = preSolution
		Debug|Any CPU = Debug|Any CPU
		Release|Any CPU = Release|Any CPU
	EndGlobalSection
	GlobalSection(ProjectConfigurationPlatforms) = postSolution
		{38BA6281-438E-43B0-AFAC-21B549FFEFDA}.Debug|Any CPU.ActiveCfg = Debug|Any CPU
		{38BA6281-438E-43B0-AFAC-21B549FFEFDA}.Debug|Any CPU.Build.0 = Debug|Any CPU
		{38BA6281-438E-43B0-AFAC-21B549FFEFDA}.Release|Any CPU.ActiveCfg = Release|Any CPU
		{38BA6281-438E-43B0-AFAC-21B549FFEFDA}.Release|Any CPU.Build.0 = Release|Any CPU
		{D499DCC8-78C8-4EFE-B4A7-2315966386BF}.Debug|Any CPU.ActiveCfg = Debug|Any CPU
		{D499DCC8-78C8-4EFE-B4A7-2315966386BF}.Debug|Any CPU.Build.0 = Debug|Any CPU
		{D499DCC8-78C8-4EFE-B4A7-2315966386BF}.Release|Any CPU.ActiveCfg = Release|Any CPU
		{D499DCC8-78C8-4EFE-B4A7-2315966386BF}.Release|Any CPU.Build.0 = Release|Any CPU
		{3F5FDF9E-F414-41C4-BF72-BFF0F4FE0A5E}.Debug|Any CPU.ActiveCfg = Debug|Any CPU
		{3F5FDF9E-F414-41C4-BF72-BFF0F4FE0A5E}.Debug|Any CPU.Build.0 = Debug|Any CPU
		{3F5FDF9E-F414-41C4-BF72-BFF0F4FE0A5E}.Release|Any CPU.ActiveCfg = Release|Any CPU
		{3F5FDF9E-F414-41C4-BF72-BFF0F4FE0A5E}.Release|Any CPU.Build.0 = Release|Any CPU
		{68EEE0B5-51AB-4869-95BA-59F35DFD7518}.Debug|Any CPU.ActiveCfg = Debug|Any CPU
		{68EEE0B5-51AB-4869-95BA-59F35DFD7518}.Debug|Any CPU.Build.0 = Debug|Any CPU
		{68EEE0B5-51AB-4869-95BA-59F35DFD7518}.Release|Any CPU.ActiveCfg = Release|Any CPU
		{68EEE0B5-51AB-4869-95BA-59F35DFD7518}.Release|Any CPU.Build.0 = Release|Any CPU
		{D186E804-3C1D-4A93-9DEA-D1670287F374}.Debug|Any CPU.ActiveCfg = Debug|Any CPU
		{D186E804-3C1D-4A93-9DEA-D1670287F374}.Debug|Any CPU.Build.0 = Debug|Any CPU
		{D186E804-3C1D-4A93-9DEA-D1670287F374}.Release|Any CPU.ActiveCfg = Release|Any CPU
		{D186E804-3C1D-4A93-9DEA-D1670287F374}.Release|Any CPU.Build.0 = Release|Any CPU
		{8CDA86AA-51D1-417F-AACC-132B461AE602}.Debug|Any CPU.ActiveCfg = Debug|Any CPU
		{8CDA86AA-51D1-417F-AACC-132B461AE602}.Debug|Any CPU.Build.0 = Debug|Any CPU
		{8CDA86AA-51D1-417F-AACC-132B461AE602}.Release|Any CPU.ActiveCfg = Release|Any CPU
		{8CDA86AA-51D1-417F-AACC-132B461AE602}.Release|Any CPU.Build.0 = Release|Any CPU
	EndGlobalSection
	GlobalSection(SolutionProperties) = preSolution
		HideSolutionNode = FALSE
	EndGlobalSection
	GlobalSection(ExtensibilityGlobals) = postSolution
		SolutionGuid = {31C5A2D1-4D79-421A-96DB-4B000D1BED3B}
	EndGlobalSection
EndGlobal
